<Solution>
  <Project Path="EF.UI.csproj" />
  <Project Path="LitMotion.csproj" />
  <Project Path="SingularityGroup.HotReload.Editor.csproj" />
  <Project Path="YooAsset.csproj" />
  <Project Path="EF.Resource.csproj" />
  <Project Path="YooAsset.Editor.csproj" />
  <Project Path="UnitySkills.Editor.csproj" />
  <Project Path="EF.Monetization.Wechat.csproj" />
  <Project Path="EF.Entity.csproj" />
  <Project Path="GameLogic.Tests.EditMode.csproj" />
  <Project Path="EF.Editor.csproj" />
  <Project Path="EF.Fsm.csproj" />
  <Project Path="SingularityGroup.HotReload.Runtime.csproj" />
  <Project Path="EF.Resource.BackgroundDownload.csproj" />
  <Project Path="EF.Commercial.csproj" />
  <Project Path="EF.Event.csproj" />
  <Project Path="EF.Model.csproj" />
  <Project Path="EF.Base.csproj" />
  <Project Path="Game.Runtime.csproj" />
  <Project Path="GameLogic.csproj" />
  <Project Path="EF.DataDriven.csproj" />
  <Project Path="EF.Debugger.csproj" />
  <Project Path="UnitySkills.Tests.Editor.csproj" />
  <Project Path="Assembly-CSharp-Editor.csproj" />
  <Project Path="SingularityGroup.HotReload.Runtime.Public.csproj" />
  <Project Path="EF.ObjectPool.csproj" />
  <Project Path="LitMotion.Extensions.csproj" />
  <Project Path="EF.Sound.csproj" />
  <Project Path="EF.Procedure.csproj" />
  <Project Path="GameLogic.Tests.PlayMode.csproj" />
  <Project Path="LitMotion.Editor.csproj" />
  <Project Path="EF.Save.csproj" />
  <Project Path="EF.Scene.csproj" />
  <Project Path="ImageToUIPrefabBuilder.Editor.csproj" />
  <Project Path="EF.Timer.csproj" />
  <Project Path="EF.Bootstrap.csproj" />
  <Project Path="YooAsset.MiniGame.csproj" />
  <Project Path="EF.csproj" />
  <Project Path="GameProto.csproj" />
</Solution>
